{
  "dependencies": {
    "asserts": {
      "version": "4.0.2",
      "dependencies": {
        "type-of-is": {
          "version": "3.3.1"
        }
      }
    },
    "fibers": {
      "version": "1.0.5"
    },
    "future": {
      "version": "2.3.1"
    },
    "mongodb": {
      "version": "2.0.48",
      "dependencies": {
        "mongodb-core": {
          "version": "1.2.21",
          "dependencies": {
            "bson": {
              "version": "0.4.19"
            }
          }
        },
        "readable-stream": {
          "version": "1.0.31",
          "dependencies": {
            "core-util-is": {
              "version": "1.0.1"
            },
            "isarray": {
              "version": "0.0.1"
            },
            "string_decoder": {
              "version": "0.10.31"
            },
            "inherits": {
              "version": "2.0.1"
            }
          }
        },
        "es6-promise": {
          "version": "2.1.1"
        },
        "kerberos": {
          "version": "0.0.17",
          "dependencies": {
            "nan": {
              "version": "2.0.9"
            }
          }
        }
      }
    },
    "pg": {
      "version": "4.4.3",
      "dependencies": {
        "buffer-writer": {
          "version": "1.0.0"
        },
        "generic-pool": {
          "version": "2.1.1"
        },
        "packet-reader": {
          "version": "0.2.0"
        },
        "pg-connection-string": {
          "version": "0.1.3"
        },
        "pg-types": {
          "version": "1.10.0",
          "dependencies": {
            "ap": {
              "version": "0.2.0"
            },
            "postgres-array": {
              "version": "1.0.0"
            },
            "postgres-bytea": {
              "version": "1.0.0"
            },
            "postgres-date": {
              "version": "1.0.0"
            },
            "postgres-interval": {
              "version": "1.0.1",
              "dependencies": {
                "xtend": {
                  "version": "4.0.1"
                }
              }
            }
          }
        },
        "pgpass": {
          "version": "0.0.3",
          "dependencies": {
            "split": {
              "version": "0.3.3",
              "dependencies": {
                "through": {
                  "version": "2.3.8"
                }
              }
            }
          }
        },
        "semver": {
          "version": "4.3.6"
        }
      }
    },
    "pg-hstore": {
      "version": "2.3.2",
      "dependencies": {
        "underscore": {
          "version": "1.8.3"
        }
      }
    },
    "sequelize": {
      "version": "3.14.2",
      "dependencies": {
        "bluebird": {
          "version": "3.0.6"
        },
        "depd": {
          "version": "1.1.0"
        },
        "dottie": {
          "version": "1.1.1"
        },
        "generic-pool": {
          "version": "2.2.1"
        },
        "inflection": {
          "version": "1.8.0"
        },
        "lodash": {
          "version": "3.10.1"
        },
        "moment": {
          "version": "2.10.6"
        },
        "moment-timezone": {
          "version": "0.4.1"
        },
        "node-uuid": {
          "version": "1.4.7"
        },
        "semver": {
          "version": "5.1.0"
        },
        "shimmer": {
          "version": "1.1.0"
        },
        "toposort-class": {
          "version": "1.0.1"
        },
        "validator": {
          "version": "4.4.0"
        },
        "wellknown": {
          "version": "0.4.0",
          "dependencies": {
            "concat-stream": {
              "version": "1.5.1",
              "dependencies": {
                "inherits": {
                  "version": "2.0.1"
                },
                "typedarray": {
                  "version": "0.0.6"
                },
                "readable-stream": {
                  "version": "2.0.4",
                  "dependencies": {
                    "core-util-is": {
                      "version": "1.0.2"
                    },
                    "isarray": {
                      "version": "0.0.1"
                    },
                    "process-nextick-args": {
                      "version": "1.0.6"
                    },
                    "string_decoder": {
                      "version": "0.10.31"
                    },
                    "util-deprecate": {
                      "version": "1.0.2"
                    }
                  }
                }
              }
            },
            "minimist": {
              "version": "1.1.3"
            }
          }
        },
        "wkx": {
          "version": "0.1.0"
        }
      }
    },
    "tedious": {
      "version": "1.13.1",
      "dependencies": {
        "babel-runtime": {
          "version": "5.8.34",
          "dependencies": {
            "core-js": {
              "version": "1.2.6"
            }
          }
        },
        "big-number": {
          "version": "0.3.1"
        },
        "bl": {
          "version": "1.0.0"
        },
        "iconv-lite": {
          "version": "0.4.13"
        },
        "readable-stream": {
          "version": "2.0.4",
          "dependencies": {
            "core-util-is": {
              "version": "1.0.2"
            },
            "inherits": {
              "version": "2.0.1"
            },
            "isarray": {
              "version": "0.0.1"
            },
            "process-nextick-args": {
              "version": "1.0.3"
            },
            "string_decoder": {
              "version": "0.10.31"
            },
            "util-deprecate": {
              "version": "1.0.2"
            }
          }
        },
        "sprintf": {
          "version": "0.1.5"
        }
      }
    }
  }
}
